
Microsoft Visual Studio Solution File, Format Version 12.00
# Visual Studio Version 17
VisualStudioVersion = 17.1.32228.430
MinimumVisualStudioVersion = 10.0.40219.1
Project("{FAE04EC0-301F-11D3-BF4B-00C04F79EFBC}") = "SudokuApp", "SudokuApp\SudokuApp.csproj", "{325BCCD1-D29B-4D23-B991-81FAAF901917}"
EndProject
Project("{FAE04EC0-301F-11D3-BF4B-00C04F79EFBC}") = "SudokuFileGenerator", "SudokuFileGenerator\SudokuFileGenerator.csproj", "{804FE4BC-AB9F-4E55-831F-B6CEA07DA0AA}"
EndProject
Project("{FAE04EC0-301F-11D3-BF4B-00C04F79EFBC}") = "Sudoku", "Sudoku\Sudoku.csproj", "{AF674DC2-56C0-420F-B72E-670799B23848}"
EndProject
Project("{FAE04EC0-301F-11D3-BF4B-00C04F79EFBC}") = "SudokuSolver", "SudokuSolver\SudokuSolver.csproj", "{14EB177F-80D5-4E54-99C7-BF33D342FDAE}"
EndProject
Global
	GlobalSection(SolutionConfigurationPlatforms) = preSolution
		Debug|Any CPU = Debug|Any CPU
		Release|Any CPU = Release|Any CPU
	EndGlobalSection
	GlobalSection(ProjectConfigurationPlatforms) = postSolution
		{325BCCD1-D29B-4D23-B991-81FAAF901917}.Debug|Any CPU.ActiveCfg = Debug|Any CPU
		{325BCCD1-D29B-4D23-B991-81FAAF901917}.Debug|Any CPU.Build.0 = Debug|Any CPU
		{325BCCD1-D29B-4D23-B991-81FAAF901917}.Release|Any CPU.ActiveCfg = Release|Any CPU
		{325BCCD1-D29B-4D23-B991-81FAAF901917}.Release|Any CPU.Build.0 = Release|Any CPU
		{804FE4BC-AB9F-4E55-831F-B6CEA07DA0AA}.Debug|Any CPU.ActiveCfg = Debug|Any CPU
		{804FE4BC-AB9F-4E55-831F-B6CEA07DA0AA}.Debug|Any CPU.Build.0 = Debug|Any CPU
		{804FE4BC-AB9F-4E55-831F-B6CEA07DA0AA}.Release|Any CPU.ActiveCfg = Release|Any CPU
		{804FE4BC-AB9F-4E55-831F-B6CEA07DA0AA}.Release|Any CPU.Build.0 = Release|Any CPU
		{AF674DC2-56C0-420F-B72E-670799B23848}.Debug|Any CPU.ActiveCfg = Debug|Any CPU
		{AF674DC2-56C0-420F-B72E-670799B23848}.Debug|Any CPU.Build.0 = Debug|Any CPU
		{AF674DC2-56C0-420F-B72E-670799B23848}.Release|Any CPU.ActiveCfg = Release|Any CPU
		{AF674DC2-56C0-420F-B72E-670799B23848}.Release|Any CPU.Build.0 = Release|Any CPU
		{14EB177F-80D5-4E54-99C7-BF33D342FDAE}.Debug|Any CPU.ActiveCfg = Debug|Any CPU
		{14EB177F-80D5-4E54-99C7-BF33D342FDAE}.Debug|Any CPU.Build.0 = Debug|Any CPU
		{14EB177F-80D5-4E54-99C7-BF33D342FDAE}.Release|Any CPU.ActiveCfg = Release|Any CPU
		{14EB177F-80D5-4E54-99C7-BF33D342FDAE}.Release|Any CPU.Build.0 = Release|Any CPU
	EndGlobalSection
	GlobalSection(SolutionProperties) = preSolution
		HideSolutionNode = FALSE
	EndGlobalSection
	GlobalSection(ExtensibilityGlobals) = postSolution
		SolutionGuid = {40F2B9E0-ABB4-4CE9-9E29-7C5B6C9D3636}
	EndGlobalSection
EndGlobal
